
Microsoft Visual Studio Solution File, Format Version 12.00
# Visual Studio 14
VisualStudioVersion = 14.0.25420.1
MinimumVisualStudioVersion = 10.0.40219.1
Project("{FAE04EC0-301F-11D3-BF4B-00C04F79EFBC}") = "MobileAPP", "MobileAPP\MobileAPP\MobileAPP.csproj", "{D5C6263B-E2E4-4EAD-B9C3-3DB245F006DE}"
EndProject
Project("{FAE04EC0-301F-11D3-BF4B-00C04F79EFBC}") = "MobileAPP.Droid", "MobileAPP\MobileAPP.Droid\MobileAPP.Droid.csproj", "{439F654C-14CD-4084-B70F-8A1B5DBE2A57}"
EndProject
Project("{FAE04EC0-301F-11D3-BF4B-00C04F79EFBC}") = "MobileAPP.iOS", "MobileAPP\MobileAPP.iOS\MobileAPP.iOS.csproj", "{87591F01-FC76-4932-9E7A-00C0B56DC0D2}"
EndProject
Project("{FAE04EC0-301F-11D3-BF4B-00C04F79EFBC}") = "MobileAPP.WinPhone", "MobileAPP\MobileAPP.WinPhone\MobileAPP.WinPhone.csproj", "{C9DD8322-392F-4AB9-9055-3945E117BA8D}"
EndProject
Project("{FAE04EC0-301F-11D3-BF4B-00C04F79EFBC}") = "MobileAPP.UWP", "MobileAPP\MobileAPP.UWP\MobileAPP.UWP.csproj", "{BD98F30C-12FC-405B-AAED-403D236BC69B}"
EndProject
Project("{FAE04EC0-301F-11D3-BF4B-00C04F79EFBC}") = "MobileAPP.Windows", "MobileAPP\MobileAPP.Windows\MobileAPP.Windows.csproj", "{0BA80A0B-0537-4193-8E4F-001DB2CC4AB7}"
EndProject
Global
	GlobalSection(SolutionConfigurationPlatforms) = preSolution
		Ad-Hoc|Any CPU = Ad-Hoc|Any CPU
		Ad-Hoc|ARM = Ad-Hoc|ARM
		Ad-Hoc|iPhone = Ad-Hoc|iPhone
		Ad-Hoc|iPhoneSimulator = Ad-Hoc|iPhoneSimulator
		Ad-Hoc|x64 = Ad-Hoc|x64
		Ad-Hoc|x86 = Ad-Hoc|x86
		AppStore|Any CPU = AppStore|Any CPU
		AppStore|ARM = AppStore|ARM
		AppStore|iPhone = AppStore|iPhone
		AppStore|iPhoneSimulator = AppStore|iPhoneSimulator
		AppStore|x64 = AppStore|x64
		AppStore|x86 = AppStore|x86
		Debug|Any CPU = Debug|Any CPU
		Debug|ARM = Debug|ARM
		Debug|iPhone = Debug|iPhone
		Debug|iPhoneSimulator = Debug|iPhoneSimulator
		Debug|x64 = Debug|x64
		Debug|x86 = Debug|x86
		Release|Any CPU = Release|Any CPU
		Release|ARM = Release|ARM
		Release|iPhone = Release|iPhone
		Release|iPhoneSimulator = Release|iPhoneSimulator
		Release|x64 = Release|x64
		Release|x86 = Release|x86
	EndGlobalSection
	GlobalSection(ProjectConfigurationPlatforms) = postSolution
		{D5C6263B-E2E4-4EAD-B9C3-3DB245F006DE}.Ad-Hoc|Any CPU.ActiveCfg = Release|Any CPU
		{D5C6263B-E2E4-4EAD-B9C3-3DB245F006DE}.Ad-Hoc|Any CPU.Build.0 = Release|Any CPU
		{D5C6263B-E2E4-4EAD-B9C3-3DB245F006DE}.Ad-Hoc|ARM.ActiveCfg = Release|Any CPU
		{D5C6263B-E2E4-4EAD-B9C3-3DB245F006DE}.Ad-Hoc|ARM.Build.0 = Release|Any CPU
		{D5C6263B-E2E4-4EAD-B9C3-3DB245F006DE}.Ad-Hoc|iPhone.ActiveCfg = Release|Any CPU
		{D5C6263B-E2E4-4EAD-B9C3-3DB245F006DE}.Ad-Hoc|iPhone.Build.0 = Release|Any CPU
		{D5C6263B-E2E4-4EAD-B9C3-3DB245F006DE}.Ad-Hoc|iPhoneSimulator.ActiveCfg = Release|Any CPU
		{D5C6263B-E2E4-4EAD-B9C3-3DB245F006DE}.Ad-Hoc|iPhoneSimulator.Build.0 = Release|Any CPU
		{D5C6263B-E2E4-4EAD-B9C3-3DB245F006DE}.Ad-Hoc|x64.ActiveCfg = Release|Any CPU
		{D5C6263B-E2E4-4EAD-B9C3-3DB245F006DE}.Ad-Hoc|x64.Build.0 = Release|Any CPU
		{D5C6263B-E2E4-4EAD-B9C3-3DB245F006DE}.Ad-Hoc|x86.ActiveCfg = Release|Any CPU
		{D5C6263B-E2E4-4EAD-B9C3-3DB245F006DE}.Ad-Hoc|x86.Build.0 = Release|Any CPU
		{D5C6263B-E2E4-4EAD-B9C3-3DB245F006DE}.AppStore|Any CPU.ActiveCfg = Release|Any CPU
		{D5C6263B-E2E4-4EAD-B9C3-3DB245F006DE}.AppStore|Any CPU.Build.0 = Release|Any CPU
		{D5C6263B-E2E4-4EAD-B9C3-3DB245F006DE}.AppStore|ARM.ActiveCfg = Release|Any CPU
		{D5C6263B-E2E4-4EAD-B9C3-3DB245F006DE}.AppStore|ARM.Build.0 = Release|Any CPU
		{D5C6263B-E2E4-4EAD-B9C3-3DB245F006DE}.AppStore|iPhone.ActiveCfg = Release|Any CPU
		{D5C6263B-E2E4-4EAD-B9C3-3DB245F006DE}.AppStore|iPhone.Build.0 = Release|Any CPU
		{D5C6263B-E2E4-4EAD-B9C3-3DB245F006DE}.AppStore|iPhoneSimulator.ActiveCfg = Release|Any CPU
		{D5C6263B-E2E4-4EAD-B9C3-3DB245F006DE}.AppStore|iPhoneSimulator.Build.0 = Release|Any CPU
		{D5C6263B-E2E4-4EAD-B9C3-3DB245F006DE}.AppStore|x64.ActiveCfg = Release|Any CPU
		{D5C6263B-E2E4-4EAD-B9C3-3DB245F006DE}.AppStore|x64.Build.0 = Release|Any CPU
		{D5C6263B-E2E4-4EAD-B9C3-3DB245F006DE}.AppStore|x86.ActiveCfg = Release|Any CPU
		{D5C6263B-E2E4-4EAD-B9C3-3DB245F006DE}.AppStore|x86.Build.0 = Release|Any CPU
		{D5C6263B-E2E4-4EAD-B9C3-3DB245F006DE}.Debug|Any CPU.ActiveCfg = Debug|Any CPU
		{D5C6263B-E2E4-4EAD-B9C3-3DB245F006DE}.Debug|Any CPU.Build.0 = Debug|Any CPU
		{D5C6263B-E2E4-4EAD-B9C3-3DB245F006DE}.Debug|ARM.ActiveCfg = Debug|Any CPU
		{D5C6263B-E2E4-4EAD-B9C3-3DB245F006DE}.Debug|ARM.Build.0 = Debug|Any CPU
		{D5C6263B-E2E4-4EAD-B9C3-3DB245F006DE}.Debug|iPhone.ActiveCfg = Debug|Any CPU
		{D5C6263B-E2E4-4EAD-B9C3-3DB245F006DE}.Debug|iPhone.Build.0 = Debug|Any CPU
		{D5C6263B-E2E4-4EAD-B9C3-3DB245F006DE}.Debug|iPhoneSimulator.ActiveCfg = Debug|Any CPU
		{D5C6263B-E2E4-4EAD-B9C3-3DB245F006DE}.Debug|iPhoneSimulator.Build.0 = Debug|Any CPU
		{D5C6263B-E2E4-4EAD-B9C3-3DB245F006DE}.Debug|x64.ActiveCfg = Debug|Any CPU
		{D5C6263B-E2E4-4EAD-B9C3-3DB245F006DE}.Debug|x64.Build.0 = Debug|Any CPU
		{D5C6263B-E2E4-4EAD-B9C3-3DB245F006DE}.Debug|x86.ActiveCfg = Debug|Any CPU
		{D5C6263B-E2E4-4EAD-B9C3-3DB245F006DE}.Debug|x86.Build.0 = Debug|Any CPU
		{D5C6263B-E2E4-4EAD-B9C3-3DB245F006DE}.Release|Any CPU.ActiveCfg = Release|Any CPU
		{D5C6263B-E2E4-4EAD-B9C3-3DB245F006DE}.Release|Any CPU.Build.0 = Release|Any CPU
		{D5C6263B-E2E4-4EAD-B9C3-3DB245F006DE}.Release|ARM.ActiveCfg = Release|Any CPU
		{D5C6263B-E2E4-4EAD-B9C3-3DB245F006DE}.Release|ARM.Build.0 = Release|Any CPU
		{D5C6263B-E2E4-4EAD-B9C3-3DB245F006DE}.Release|iPhone.ActiveCfg = Release|Any CPU
		{D5C6263B-E2E4-4EAD-B9C3-3DB245F006DE}.Release|iPhone.Build.0 = Release|Any CPU
		{D5C6263B-E2E4-4EAD-B9C3-3DB245F006DE}.Release|iPhoneSimulator.ActiveCfg = Release|Any CPU
		{D5C6263B-E2E4-4EAD-B9C3-3DB245F006DE}.Release|iPhoneSimulator.Build.0 = Release|Any CPU
		{D5C6263B-E2E4-4EAD-B9C3-3DB245F006DE}.Release|x64.ActiveCfg = Release|Any CPU
		{D5C6263B-E2E4-4EAD-B9C3-3DB245F006DE}.Release|x64.Build.0 = Release|Any CPU
		{D5C6263B-E2E4-4EAD-B9C3-3DB245F006DE}.Release|x86.ActiveCfg = Release|Any CPU
		{D5C6263B-E2E4-4EAD-B9C3-3DB245F006DE}.Release|x86.Build.0 = Release|Any CPU
		{439F654C-14CD-4084-B70F-8A1B5DBE2A57}.Ad-Hoc|Any CPU.ActiveCfg = Release|Any CPU
		{439F654C-14CD-4084-B70F-8A1B5DBE2A57}.Ad-Hoc|Any CPU.Build.0 = Release|Any CPU
		{439F654C-14CD-4084-B70F-8A1B5DBE2A57}.Ad-Hoc|Any CPU.Deploy.0 = Release|Any CPU
		{439F654C-14CD-4084-B70F-8A1B5DBE2A57}.Ad-Hoc|ARM.ActiveCfg = Release|Any CPU
		{439F654C-14CD-4084-B70F-8A1B5DBE2A57}.Ad-Hoc|ARM.Build.0 = Release|Any CPU
		{439F654C-14CD-4084-B70F-8A1B5DBE2A57}.Ad-Hoc|ARM.Deploy.0 = Release|Any CPU
		{439F654C-14CD-4084-B70F-8A1B5DBE2A57}.Ad-Hoc|iPhone.ActiveCfg = Release|Any CPU
		{439F654C-14CD-4084-B70F-8A1B5DBE2A57}.Ad-Hoc|iPhone.Build.0 = Release|Any CPU
		{439F654C-14CD-4084-B70F-8A1B5DBE2A57}.Ad-Hoc|iPhone.Deploy.0 = Release|Any CPU
		{439F654C-14CD-4084-B70F-8A1B5DBE2A57}.Ad-Hoc|iPhoneSimulator.ActiveCfg = Release|Any CPU
		{439F654C-14CD-4084-B70F-8A1B5DBE2A57}.Ad-Hoc|iPhoneSimulator.Build.0 = Release|Any CPU
		{439F654C-14CD-4084-B70F-8A1B5DBE2A57}.Ad-Hoc|iPhoneSimulator.Deploy.0 = Release|Any CPU
		{439F654C-14CD-4084-B70F-8A1B5DBE2A57}.Ad-Hoc|x64.ActiveCfg = Release|Any CPU
		{439F654C-14CD-4084-B70F-8A1B5DBE2A57}.Ad-Hoc|x64.Build.0 = Release|Any CPU
		{439F654C-14CD-4084-B70F-8A1B5DBE2A57}.Ad-Hoc|x64.Deploy.0 = Release|Any CPU
		{439F654C-14CD-4084-B70F-8A1B5DBE2A57}.Ad-Hoc|x86.ActiveCfg = Release|Any CPU
		{439F654C-14CD-4084-B70F-8A1B5DBE2A57}.Ad-Hoc|x86.Build.0 = Release|Any CPU
		{439F654C-14CD-4084-B70F-8A1B5DBE2A57}.Ad-Hoc|x86.Deploy.0 = Release|Any CPU
		{439F654C-14CD-4084-B70F-8A1B5DBE2A57}.AppStore|Any CPU.ActiveCfg = Release|Any CPU
		{439F654C-14CD-4084-B70F-8A1B5DBE2A57}.AppStore|Any CPU.Build.0 = Release|Any CPU
		{439F654C-14CD-4084-B70F-8A1B5DBE2A57}.AppStore|Any CPU.Deploy.0 = Release|Any CPU
		{439F654C-14CD-4084-B70F-8A1B5DBE2A57}.AppStore|ARM.ActiveCfg = Release|Any CPU
		{439F654C-14CD-4084-B70F-8A1B5DBE2A57}.AppStore|ARM.Build.0 = Release|Any CPU
		{439F654C-14CD-4084-B70F-8A1B5DBE2A57}.AppStore|ARM.Deploy.0 = Release|Any CPU
		{439F654C-14CD-4084-B70F-8A1B5DBE2A57}.AppStore|iPhone.ActiveCfg = Release|Any CPU
		{439F654C-14CD-4084-B70F-8A1B5DBE2A57}.AppStore|iPhone.Build.0 = Release|Any CPU
		{439F654C-14CD-4084-B70F-8A1B5DBE2A57}.AppStore|iPhone.Deploy.0 = Release|Any CPU
		{439F654C-14CD-4084-B70F-8A1B5DBE2A57}.AppStore|iPhoneSimulator.ActiveCfg = Release|Any CPU
		{439F654C-14CD-4084-B70F-8A1B5DBE2A57}.AppStore|iPhoneSimulator.Build.0 = Release|Any CPU
		{439F654C-14CD-4084-B70F-8A1B5DBE2A57}.AppStore|iPhoneSimulator.Deploy.0 = Release|Any CPU
		{439F654C-14CD-4084-B70F-8A1B5DBE2A57}.AppStore|x64.ActiveCfg = Release|Any CPU
		{439F654C-14CD-4084-B70F-8A1B5DBE2A57}.AppStore|x64.Build.0 = Release|Any CPU
		{439F654C-14CD-4084-B70F-8A1B5DBE2A57}.AppStore|x64.Deploy.0 = Release|Any CPU
		{439F654C-14CD-4084-B70F-8A1B5DBE2A57}.AppStore|x86.ActiveCfg = Release|Any CPU
		{439F654C-14CD-4084-B70F-8A1B5DBE2A57}.AppStore|x86.Build.0 = Release|Any CPU
		{439F654C-14CD-4084-B70F-8A1B5DBE2A57}.AppStore|x86.Deploy.0 = Release|Any CPU
		{439F654C-14CD-4084-B70F-8A1B5DBE2A57}.Debug|Any CPU.ActiveCfg = Debug|Any CPU
		{439F654C-14CD-4084-B70F-8A1B5DBE2A57}.Debug|Any CPU.Build.0 = Debug|Any CPU
		{439F654C-14CD-4084-B70F-8A1B5DBE2A57}.Debug|Any CPU.Deploy.0 = Debug|Any CPU
		{439F654C-14CD-4084-B70F-8A1B5DBE2A57}.Debug|ARM.ActiveCfg = Debug|Any CPU
		{439F654C-14CD-4084-B70F-8A1B5DBE2A57}.Debug|ARM.Build.0 = Debug|Any CPU
		{439F654C-14CD-4084-B70F-8A1B5DBE2A57}.Debug|ARM.Deploy.0 = Debug|Any CPU
		{439F654C-14CD-4084-B70F-8A1B5DBE2A57}.Debug|iPhone.ActiveCfg = Debug|Any CPU
		{439F654C-14CD-4084-B70F-8A1B5DBE2A57}.Debug|iPhone.Build.0 = Debug|Any CPU
		{439F654C-14CD-4084-B70F-8A1B5DBE2A57}.Debug|iPhone.Deploy.0 = Debug|Any CPU
		{439F654C-14CD-4084-B70F-8A1B5DBE2A57}.Debug|iPhoneSimulator.ActiveCfg = Debug|Any CPU
		{439F654C-14CD-4084-B70F-8A1B5DBE2A57}.Debug|iPhoneSimulator.Build.0 = Debug|Any CPU
		{439F654C-14CD-4084-B70F-8A1B5DBE2A57}.Debug|iPhoneSimulator.Deploy.0 = Debug|Any CPU
		{439F654C-14CD-4084-B70F-8A1B5DBE2A57}.Debug|x64.ActiveCfg = Debug|Any CPU
		{439F654C-14CD-4084-B70F-8A1B5DBE2A57}.Debug|x64.Build.0 = Debug|Any CPU
		{439F654C-14CD-4084-B70F-8A1B5DBE2A57}.Debug|x64.Deploy.0 = Debug|Any CPU
		{439F654C-14CD-4084-B70F-8A1B5DBE2A57}.Debug|x86.ActiveCfg = Debug|Any CPU
		{439F654C-14CD-4084-B70F-8A1B5DBE2A57}.Debug|x86.Build.0 = Debug|Any CPU
		{439F654C-14CD-4084-B70F-8A1B5DBE2A57}.Debug|x86.Deploy.0 = Debug|Any CPU
		{439F654C-14CD-4084-B70F-8A1B5DBE2A57}.Release|Any CPU.ActiveCfg = Release|Any CPU
		{439F654C-14CD-4084-B70F-8A1B5DBE2A57}.Release|Any CPU.Build.0 = Release|Any CPU
		{439F654C-14CD-4084-B70F-8A1B5DBE2A57}.Release|Any CPU.Deploy.0 = Release|Any CPU
		{439F654C-14CD-4084-B70F-8A1B5DBE2A57}.Release|ARM.ActiveCfg = Release|Any CPU
		{439F654C-14CD-4084-B70F-8A1B5DBE2A57}.Release|ARM.Build.0 = Release|Any CPU
		{439F654C-14CD-4084-B70F-8A1B5DBE2A57}.Release|ARM.Deploy.0 = Release|Any CPU
		{439F654C-14CD-4084-B70F-8A1B5DBE2A57}.Release|iPhone.ActiveCfg = Release|Any CPU
		{439F654C-14CD-4084-B70F-8A1B5DBE2A57}.Release|iPhone.Build.0 = Release|Any CPU
		{439F654C-14CD-4084-B70F-8A1B5DBE2A57}.Release|iPhone.Deploy.0 = Release|Any CPU
		{439F654C-14CD-4084-B70F-8A1B5DBE2A57}.Release|iPhoneSimulator.ActiveCfg = Release|Any CPU
		{439F654C-14CD-4084-B70F-8A1B5DBE2A57}.Release|iPhoneSimulator.Build.0 = Release|Any CPU
		{439F654C-14CD-4084-B70F-8A1B5DBE2A57}.Release|iPhoneSimulator.Deploy.0 = Release|Any CPU
		{439F654C-14CD-4084-B70F-8A1B5DBE2A57}.Release|x64.ActiveCfg = Release|Any CPU
		{439F654C-14CD-4084-B70F-8A1B5DBE2A57}.Release|x64.Build.0 = Release|Any CPU
		{439F654C-14CD-4084-B70F-8A1B5DBE2A57}.Release|x64.Deploy.0 = Release|Any CPU
		{439F654C-14CD-4084-B70F-8A1B5DBE2A57}.Release|x86.ActiveCfg = Release|Any CPU
		{439F654C-14CD-4084-B70F-8A1B5DBE2A57}.Release|x86.Build.0 = Release|Any CPU
		{439F654C-14CD-4084-B70F-8A1B5DBE2A57}.Release|x86.Deploy.0 = Release|Any CPU
		{87591F01-FC76-4932-9E7A-00C0B56DC0D2}.Ad-Hoc|Any CPU.ActiveCfg = Ad-Hoc|iPhone
		{87591F01-FC76-4932-9E7A-00C0B56DC0D2}.Ad-Hoc|ARM.ActiveCfg = Ad-Hoc|iPhone
		{87591F01-FC76-4932-9E7A-00C0B56DC0D2}.Ad-Hoc|iPhone.ActiveCfg = Ad-Hoc|iPhone
		{87591F01-FC76-4932-9E7A-00C0B56DC0D2}.Ad-Hoc|iPhone.Build.0 = Ad-Hoc|iPhone
		{87591F01-FC76-4932-9E7A-00C0B56DC0D2}.Ad-Hoc|iPhoneSimulator.ActiveCfg = Ad-Hoc|iPhoneSimulator
		{87591F01-FC76-4932-9E7A-00C0B56DC0D2}.Ad-Hoc|iPhoneSimulator.Build.0 = Ad-Hoc|iPhoneSimulator
		{87591F01-FC76-4932-9E7A-00C0B56DC0D2}.Ad-Hoc|x64.ActiveCfg = Ad-Hoc|iPhone
		{87591F01-FC76-4932-9E7A-00C0B56DC0D2}.Ad-Hoc|x86.ActiveCfg = Ad-Hoc|iPhone
		{87591F01-FC76-4932-9E7A-00C0B56DC0D2}.AppStore|Any CPU.ActiveCfg = AppStore|iPhone
		{87591F01-FC76-4932-9E7A-00C0B56DC0D2}.AppStore|ARM.ActiveCfg = AppStore|iPhone
		{87591F01-FC76-4932-9E7A-00C0B56DC0D2}.AppStore|iPhone.ActiveCfg = AppStore|iPhone
		{87591F01-FC76-4932-9E7A-00C0B56DC0D2}.AppStore|iPhone.Build.0 = AppStore|iPhone
		{87591F01-FC76-4932-9E7A-00C0B56DC0D2}.AppStore|iPhoneSimulator.ActiveCfg = AppStore|iPhoneSimulator
		{87591F01-FC76-4932-9E7A-00C0B56DC0D2}.AppStore|iPhoneSimulator.Build.0 = AppStore|iPhoneSimulator
		{87591F01-FC76-4932-9E7A-00C0B56DC0D2}.AppStore|x64.ActiveCfg = AppStore|iPhone
		{87591F01-FC76-4932-9E7A-00C0B56DC0D2}.AppStore|x86.ActiveCfg = AppStore|iPhone
		{87591F01-FC76-4932-9E7A-00C0B56DC0D2}.Debug|Any CPU.ActiveCfg = Debug|iPhone
		{87591F01-FC76-4932-9E7A-00C0B56DC0D2}.Debug|ARM.ActiveCfg = Debug|iPhone
		{87591F01-FC76-4932-9E7A-00C0B56DC0D2}.Debug|iPhone.ActiveCfg = Debug|iPhone
		{87591F01-FC76-4932-9E7A-00C0B56DC0D2}.Debug|iPhone.Build.0 = Debug|iPhone
		{87591F01-FC76-4932-9E7A-00C0B56DC0D2}.Debug|iPhoneSimulator.ActiveCfg = Debug|iPhoneSimulator
		{87591F01-FC76-4932-9E7A-00C0B56DC0D2}.Debug|iPhoneSimulator.Build.0 = Debug|iPhoneSimulator
		{87591F01-FC76-4932-9E7A-00C0B56DC0D2}.Debug|x64.ActiveCfg = Debug|iPhone
		{87591F01-FC76-4932-9E7A-00C0B56DC0D2}.Debug|x86.ActiveCfg = Debug|iPhone
		{87591F01-FC76-4932-9E7A-00C0B56DC0D2}.Release|Any CPU.ActiveCfg = Release|iPhone
		{87591F01-FC76-4932-9E7A-00C0B56DC0D2}.Release|ARM.ActiveCfg = Release|iPhone
		{87591F01-FC76-4932-9E7A-00C0B56DC0D2}.Release|iPhone.ActiveCfg = Release|iPhone
		{87591F01-FC76-4932-9E7A-00C0B56DC0D2}.Release|iPhone.Build.0 = Release|iPhone
		{87591F01-FC76-4932-9E7A-00C0B56DC0D2}.Release|iPhoneSimulator.ActiveCfg = Release|iPhoneSimulator
		{87591F01-FC76-4932-9E7A-00C0B56DC0D2}.Release|iPhoneSimulator.Build.0 = Release|iPhoneSimulator
		{87591F01-FC76-4932-9E7A-00C0B56DC0D2}.Release|x64.ActiveCfg = Release|iPhone
		{87591F01-FC76-4932-9E7A-00C0B56DC0D2}.Release|x86.ActiveCfg = Release|iPhone
		{C9DD8322-392F-4AB9-9055-3945E117BA8D}.Ad-Hoc|Any CPU.ActiveCfg = Release|Any CPU
		{C9DD8322-392F-4AB9-9055-3945E117BA8D}.Ad-Hoc|Any CPU.Build.0 = Release|Any CPU
		{C9DD8322-392F-4AB9-9055-3945E117BA8D}.Ad-Hoc|Any CPU.Deploy.0 = Release|Any CPU
		{C9DD8322-392F-4AB9-9055-3945E117BA8D}.Ad-Hoc|ARM.ActiveCfg = Release|ARM
		{C9DD8322-392F-4AB9-9055-3945E117BA8D}.Ad-Hoc|ARM.Build.0 = Release|ARM
		{C9DD8322-392F-4AB9-9055-3945E117BA8D}.Ad-Hoc|ARM.Deploy.0 = Release|ARM
		{C9DD8322-392F-4AB9-9055-3945E117BA8D}.Ad-Hoc|iPhone.ActiveCfg = Release|Any CPU
		{C9DD8322-392F-4AB9-9055-3945E117BA8D}.Ad-Hoc|iPhone.Build.0 = Release|Any CPU
		{C9DD8322-392F-4AB9-9055-3945E117BA8D}.Ad-Hoc|iPhone.Deploy.0 = Release|Any CPU
		{C9DD8322-392F-4AB9-9055-3945E117BA8D}.Ad-Hoc|iPhoneSimulator.ActiveCfg = Release|Any CPU
		{C9DD8322-392F-4AB9-9055-3945E117BA8D}.Ad-Hoc|iPhoneSimulator.Build.0 = Release|Any CPU
		{C9DD8322-392F-4AB9-9055-3945E117BA8D}.Ad-Hoc|iPhoneSimulator.Deploy.0 = Release|Any CPU
		{C9DD8322-392F-4AB9-9055-3945E117BA8D}.Ad-Hoc|x64.ActiveCfg = Release|Any CPU
		{C9DD8322-392F-4AB9-9055-3945E117BA8D}.Ad-Hoc|x64.Build.0 = Release|Any CPU
		{C9DD8322-392F-4AB9-9055-3945E117BA8D}.Ad-Hoc|x64.Deploy.0 = Release|Any CPU
		{C9DD8322-392F-4AB9-9055-3945E117BA8D}.Ad-Hoc|x86.ActiveCfg = Release|x86
		{C9DD8322-392F-4AB9-9055-3945E117BA8D}.Ad-Hoc|x86.Build.0 = Release|x86
		{C9DD8322-392F-4AB9-9055-3945E117BA8D}.Ad-Hoc|x86.Deploy.0 = Release|x86
		{C9DD8322-392F-4AB9-9055-3945E117BA8D}.AppStore|Any CPU.ActiveCfg = Release|Any CPU
		{C9DD8322-392F-4AB9-9055-3945E117BA8D}.AppStore|Any CPU.Build.0 = Release|Any CPU
		{C9DD8322-392F-4AB9-9055-3945E117BA8D}.AppStore|Any CPU.Deploy.0 = Release|Any CPU
		{C9DD8322-392F-4AB9-9055-3945E117BA8D}.AppStore|ARM.ActiveCfg = Release|ARM
		{C9DD8322-392F-4AB9-9055-3945E117BA8D}.AppStore|ARM.Build.0 = Release|ARM
		{C9DD8322-392F-4AB9-9055-3945E117BA8D}.AppStore|ARM.Deploy.0 = Release|ARM
		{C9DD8322-392F-4AB9-9055-3945E117BA8D}.AppStore|iPhone.ActiveCfg = Release|Any CPU
		{C9DD8322-392F-4AB9-9055-3945E117BA8D}.AppStore|iPhone.Build.0 = Release|Any CPU
		{C9DD8322-392F-4AB9-9055-3945E117BA8D}.AppStore|iPhone.Deploy.0 = Release|Any CPU
		{C9DD8322-392F-4AB9-9055-3945E117BA8D}.AppStore|iPhoneSimulator.ActiveCfg = Release|Any CPU
		{C9DD8322-392F-4AB9-9055-3945E117BA8D}.AppStore|iPhoneSimulator.Build.0 = Release|Any CPU
		{C9DD8322-392F-4AB9-9055-3945E117BA8D}.AppStore|iPhoneSimulator.Deploy.0 = Release|Any CPU
		{C9DD8322-392F-4AB9-9055-3945E117BA8D}.AppStore|x64.ActiveCfg = Release|Any CPU
		{C9DD8322-392F-4AB9-9055-3945E117BA8D}.AppStore|x64.Build.0 = Release|Any CPU
		{C9DD8322-392F-4AB9-9055-3945E117BA8D}.AppStore|x64.Deploy.0 = Release|Any CPU
		{C9DD8322-392F-4AB9-9055-3945E117BA8D}.AppStore|x86.ActiveCfg = Release|x86
		{C9DD8322-392F-4AB9-9055-3945E117BA8D}.AppStore|x86.Build.0 = Release|x86
		{C9DD8322-392F-4AB9-9055-3945E117BA8D}.AppStore|x86.Deploy.0 = Release|x86
		{C9DD8322-392F-4AB9-9055-3945E117BA8D}.Debug|Any CPU.ActiveCfg = Debug|Any CPU
		{C9DD8322-392F-4AB9-9055-3945E117BA8D}.Debug|Any CPU.Build.0 = Debug|Any CPU
		{C9DD8322-392F-4AB9-9055-3945E117BA8D}.Debug|Any CPU.Deploy.0 = Debug|Any CPU
		{C9DD8322-392F-4AB9-9055-3945E117BA8D}.Debug|ARM.ActiveCfg = Debug|ARM
		{C9DD8322-392F-4AB9-9055-3945E117BA8D}.Debug|ARM.Build.0 = Debug|ARM
		{C9DD8322-392F-4AB9-9055-3945E117BA8D}.Debug|ARM.Deploy.0 = Debug|ARM
		{C9DD8322-392F-4AB9-9055-3945E117BA8D}.Debug|iPhone.ActiveCfg = Debug|Any CPU
		{C9DD8322-392F-4AB9-9055-3945E117BA8D}.Debug|iPhone.Build.0 = Debug|Any CPU
		{C9DD8322-392F-4AB9-9055-3945E117BA8D}.Debug|iPhone.Deploy.0 = Debug|Any CPU
		{C9DD8322-392F-4AB9-9055-3945E117BA8D}.Debug|iPhoneSimulator.ActiveCfg = Debug|Any CPU
		{C9DD8322-392F-4AB9-9055-3945E117BA8D}.Debug|iPhoneSimulator.Build.0 = Debug|Any CPU
		{C9DD8322-392F-4AB9-9055-3945E117BA8D}.Debug|iPhoneSimulator.Deploy.0 = Debug|Any CPU
		{C9DD8322-392F-4AB9-9055-3945E117BA8D}.Debug|x64.ActiveCfg = Debug|Any CPU
		{C9DD8322-392F-4AB9-9055-3945E117BA8D}.Debug|x64.Build.0 = Debug|Any CPU
		{C9DD8322-392F-4AB9-9055-3945E117BA8D}.Debug|x64.Deploy.0 = Debug|Any CPU
		{C9DD8322-392F-4AB9-9055-3945E117BA8D}.Debug|x86.ActiveCfg = Debug|x86
		{C9DD8322-392F-4AB9-9055-3945E117BA8D}.Debug|x86.Build.0 = Debug|x86
		{C9DD8322-392F-4AB9-9055-3945E117BA8D}.Debug|x86.Deploy.0 = Debug|x86
		{C9DD8322-392F-4AB9-9055-3945E117BA8D}.Release|Any CPU.ActiveCfg = Release|Any CPU
		{C9DD8322-392F-4AB9-9055-3945E117BA8D}.Release|Any CPU.Build.0 = Release|Any CPU
		{C9DD8322-392F-4AB9-9055-3945E117BA8D}.Release|Any CPU.Deploy.0 = Release|Any CPU
		{C9DD8322-392F-4AB9-9055-3945E117BA8D}.Release|ARM.ActiveCfg = Release|ARM
		{C9DD8322-392F-4AB9-9055-3945E117BA8D}.Release|ARM.Build.0 = Release|ARM
		{C9DD8322-392F-4AB9-9055-3945E117BA8D}.Release|ARM.Deploy.0 = Release|ARM
		{C9DD8322-392F-4AB9-9055-3945E117BA8D}.Release|iPhone.ActiveCfg = Release|Any CPU
		{C9DD8322-392F-4AB9-9055-3945E117BA8D}.Release|iPhone.Build.0 = Release|Any CPU
		{C9DD8322-392F-4AB9-9055-3945E117BA8D}.Release|iPhone.Deploy.0 = Release|Any CPU
		{C9DD8322-392F-4AB9-9055-3945E117BA8D}.Release|iPhoneSimulator.ActiveCfg = Release|Any CPU
		{C9DD8322-392F-4AB9-9055-3945E117BA8D}.Release|iPhoneSimulator.Build.0 = Release|Any CPU
		{C9DD8322-392F-4AB9-9055-3945E117BA8D}.Release|iPhoneSimulator.Deploy.0 = Release|Any CPU
		{C9DD8322-392F-4AB9-9055-3945E117BA8D}.Release|x64.ActiveCfg = Release|Any CPU
		{C9DD8322-392F-4AB9-9055-3945E117BA8D}.Release|x64.Build.0 = Release|Any CPU
		{C9DD8322-392F-4AB9-9055-3945E117BA8D}.Release|x64.Deploy.0 = Release|Any CPU
		{C9DD8322-392F-4AB9-9055-3945E117BA8D}.Release|x86.ActiveCfg = Release|x86
		{C9DD8322-392F-4AB9-9055-3945E117BA8D}.Release|x86.Build.0 = Release|x86
		{C9DD8322-392F-4AB9-9055-3945E117BA8D}.Release|x86.Deploy.0 = Release|x86
		{BD98F30C-12FC-405B-AAED-403D236BC69B}.Ad-Hoc|Any CPU.ActiveCfg = Release|x86
		{BD98F30C-12FC-405B-AAED-403D236BC69B}.Ad-Hoc|Any CPU.Build.0 = Release|x86
		{BD98F30C-12FC-405B-AAED-403D236BC69B}.Ad-Hoc|Any CPU.Deploy.0 = Release|x86
		{BD98F30C-12FC-405B-AAED-403D236BC69B}.Ad-Hoc|ARM.ActiveCfg = Release|ARM
		{BD98F30C-12FC-405B-AAED-403D236BC69B}.Ad-Hoc|ARM.Build.0 = Release|ARM
		{BD98F30C-12FC-405B-AAED-403D236BC69B}.Ad-Hoc|ARM.Deploy.0 = Release|ARM
		{BD98F30C-12FC-405B-AAED-403D236BC69B}.Ad-Hoc|iPhone.ActiveCfg = Release|x86
		{BD98F30C-12FC-405B-AAED-403D236BC69B}.Ad-Hoc|iPhone.Build.0 = Release|x86
		{BD98F30C-12FC-405B-AAED-403D236BC69B}.Ad-Hoc|iPhone.Deploy.0 = Release|x86
		{BD98F30C-12FC-405B-AAED-403D236BC69B}.Ad-Hoc|iPhoneSimulator.ActiveCfg = Release|x86
		{BD98F30C-12FC-405B-AAED-403D236BC69B}.Ad-Hoc|iPhoneSimulator.Build.0 = Release|x86
		{BD98F30C-12FC-405B-AAED-403D236BC69B}.Ad-Hoc|iPhoneSimulator.Deploy.0 = Release|x86
		{BD98F30C-12FC-405B-AAED-403D236BC69B}.Ad-Hoc|x64.ActiveCfg = Release|x64
		{BD98F30C-12FC-405B-AAED-403D236BC69B}.Ad-Hoc|x64.Build.0 = Release|x64
		{BD98F30C-12FC-405B-AAED-403D236BC69B}.Ad-Hoc|x64.Deploy.0 = Release|x64
		{BD98F30C-12FC-405B-AAED-403D236BC69B}.Ad-Hoc|x86.ActiveCfg = Release|x86
		{BD98F30C-12FC-405B-AAED-403D236BC69B}.Ad-Hoc|x86.Build.0 = Release|x86
		{BD98F30C-12FC-405B-AAED-403D236BC69B}.Ad-Hoc|x86.Deploy.0 = Release|x86
		{BD98F30C-12FC-405B-AAED-403D236BC69B}.AppStore|Any CPU.ActiveCfg = Release|x86
		{BD98F30C-12FC-405B-AAED-403D236BC69B}.AppStore|Any CPU.Build.0 = Release|x86
		{BD98F30C-12FC-405B-AAED-403D236BC69B}.AppStore|Any CPU.Deploy.0 = Release|x86
		{BD98F30C-12FC-405B-AAED-403D236BC69B}.AppStore|ARM.ActiveCfg = Release|ARM
		{BD98F30C-12FC-405B-AAED-403D236BC69B}.AppStore|ARM.Build.0 = Release|ARM
		{BD98F30C-12FC-405B-AAED-403D236BC69B}.AppStore|ARM.Deploy.0 = Release|ARM
		{BD98F30C-12FC-405B-AAED-403D236BC69B}.AppStore|iPhone.ActiveCfg = Release|x86
		{BD98F30C-12FC-405B-AAED-403D236BC69B}.AppStore|iPhone.Build.0 = Release|x86
		{BD98F30C-12FC-405B-AAED-403D236BC69B}.AppStore|iPhone.Deploy.0 = Release|x86
		{BD98F30C-12FC-405B-AAED-403D236BC69B}.AppStore|iPhoneSimulator.ActiveCfg = Release|x86
		{BD98F30C-12FC-405B-AAED-403D236BC69B}.AppStore|iPhoneSimulator.Build.0 = Release|x86
		{BD98F30C-12FC-405B-AAED-403D236BC69B}.AppStore|iPhoneSimulator.Deploy.0 = Release|x86
		{BD98F30C-12FC-405B-AAED-403D236BC69B}.AppStore|x64.ActiveCfg = Release|x64
		{BD98F30C-12FC-405B-AAED-403D236BC69B}.AppStore|x64.Build.0 = Release|x64
		{BD98F30C-12FC-405B-AAED-403D236BC69B}.AppStore|x64.Deploy.0 = Release|x64
		{BD98F30C-12FC-405B-AAED-403D236BC69B}.AppStore|x86.ActiveCfg = Release|x86
		{BD98F30C-12FC-405B-AAED-403D236BC69B}.AppStore|x86.Build.0 = Release|x86
		{BD98F30C-12FC-405B-AAED-403D236BC69B}.AppStore|x86.Deploy.0 = Release|x86
		{BD98F30C-12FC-405B-AAED-403D236BC69B}.Debug|Any CPU.ActiveCfg = Debug|x86
		{BD98F30C-12FC-405B-AAED-403D236BC69B}.Debug|ARM.ActiveCfg = Debug|ARM
		{BD98F30C-12FC-405B-AAED-403D236BC69B}.Debug|ARM.Build.0 = Debug|ARM
		{BD98F30C-12FC-405B-AAED-403D236BC69B}.Debug|ARM.Deploy.0 = Debug|ARM
		{BD98F30C-12FC-405B-AAED-403D236BC69B}.Debug|iPhone.ActiveCfg = Debug|x86
		{BD98F30C-12FC-405B-AAED-403D236BC69B}.Debug|iPhoneSimulator.ActiveCfg = Debug|x86
		{BD98F30C-12FC-405B-AAED-403D236BC69B}.Debug|x64.ActiveCfg = Debug|x64
		{BD98F30C-12FC-405B-AAED-403D236BC69B}.Debug|x64.Build.0 = Debug|x64
		{BD98F30C-12FC-405B-AAED-403D236BC69B}.Debug|x64.Deploy.0 = Debug|x64
		{BD98F30C-12FC-405B-AAED-403D236BC69B}.Debug|x86.ActiveCfg = Debug|x86
		{BD98F30C-12FC-405B-AAED-403D236BC69B}.Debug|x86.Build.0 = Debug|x86
		{BD98F30C-12FC-405B-AAED-403D236BC69B}.Debug|x86.Deploy.0 = Debug|x86
		{BD98F30C-12FC-405B-AAED-403D236BC69B}.Release|Any CPU.ActiveCfg = Release|x86
		{BD98F30C-12FC-405B-AAED-403D236BC69B}.Release|ARM.ActiveCfg = Release|ARM
		{BD98F30C-12FC-405B-AAED-403D236BC69B}.Release|ARM.Build.0 = Release|ARM
		{BD98F30C-12FC-405B-AAED-403D236BC69B}.Release|ARM.Deploy.0 = Release|ARM
		{BD98F30C-12FC-405B-AAED-403D236BC69B}.Release|iPhone.ActiveCfg = Release|x86
		{BD98F30C-12FC-405B-AAED-403D236BC69B}.Release|iPhoneSimulator.ActiveCfg = Release|x86
		{BD98F30C-12FC-405B-AAED-403D236BC69B}.Release|x64.ActiveCfg = Release|x64
		{BD98F30C-12FC-405B-AAED-403D236BC69B}.Release|x64.Build.0 = Release|x64
		{BD98F30C-12FC-405B-AAED-403D236BC69B}.Release|x64.Deploy.0 = Release|x64
		{BD98F30C-12FC-405B-AAED-403D236BC69B}.Release|x86.ActiveCfg = Release|x86
		{BD98F30C-12FC-405B-AAED-403D236BC69B}.Release|x86.Build.0 = Release|x86
		{BD98F30C-12FC-405B-AAED-403D236BC69B}.Release|x86.Deploy.0 = Release|x86
		{0BA80A0B-0537-4193-8E4F-001DB2CC4AB7}.Ad-Hoc|Any CPU.ActiveCfg = Release|Any CPU
		{0BA80A0B-0537-4193-8E4F-001DB2CC4AB7}.Ad-Hoc|Any CPU.Build.0 = Release|Any CPU
		{0BA80A0B-0537-4193-8E4F-001DB2CC4AB7}.Ad-Hoc|Any CPU.Deploy.0 = Release|Any CPU
		{0BA80A0B-0537-4193-8E4F-001DB2CC4AB7}.Ad-Hoc|ARM.ActiveCfg = Release|ARM
		{0BA80A0B-0537-4193-8E4F-001DB2CC4AB7}.Ad-Hoc|ARM.Build.0 = Release|ARM
		{0BA80A0B-0537-4193-8E4F-001DB2CC4AB7}.Ad-Hoc|ARM.Deploy.0 = Release|ARM
		{0BA80A0B-0537-4193-8E4F-001DB2CC4AB7}.Ad-Hoc|iPhone.ActiveCfg = Release|Any CPU
		{0BA80A0B-0537-4193-8E4F-001DB2CC4AB7}.Ad-Hoc|iPhone.Build.0 = Release|Any CPU
		{0BA80A0B-0537-4193-8E4F-001DB2CC4AB7}.Ad-Hoc|iPhone.Deploy.0 = Release|Any CPU
		{0BA80A0B-0537-4193-8E4F-001DB2CC4AB7}.Ad-Hoc|iPhoneSimulator.ActiveCfg = Release|Any CPU
		{0BA80A0B-0537-4193-8E4F-001DB2CC4AB7}.Ad-Hoc|iPhoneSimulator.Build.0 = Release|Any CPU
		{0BA80A0B-0537-4193-8E4F-001DB2CC4AB7}.Ad-Hoc|iPhoneSimulator.Deploy.0 = Release|Any CPU
		{0BA80A0B-0537-4193-8E4F-001DB2CC4AB7}.Ad-Hoc|x64.ActiveCfg = Release|x64
		{0BA80A0B-0537-4193-8E4F-001DB2CC4AB7}.Ad-Hoc|x64.Build.0 = Release|x64
		{0BA80A0B-0537-4193-8E4F-001DB2CC4AB7}.Ad-Hoc|x64.Deploy.0 = Release|x64
		{0BA80A0B-0537-4193-8E4F-001DB2CC4AB7}.Ad-Hoc|x86.ActiveCfg = Release|x86
		{0BA80A0B-0537-4193-8E4F-001DB2CC4AB7}.Ad-Hoc|x86.Build.0 = Release|x86
		{0BA80A0B-0537-4193-8E4F-001DB2CC4AB7}.Ad-Hoc|x86.Deploy.0 = Release|x86
		{0BA80A0B-0537-4193-8E4F-001DB2CC4AB7}.AppStore|Any CPU.ActiveCfg = Release|Any CPU
		{0BA80A0B-0537-4193-8E4F-001DB2CC4AB7}.AppStore|Any CPU.Build.0 = Release|Any CPU
		{0BA80A0B-0537-4193-8E4F-001DB2CC4AB7}.AppStore|Any CPU.Deploy.0 = Release|Any CPU
		{0BA80A0B-0537-4193-8E4F-001DB2CC4AB7}.AppStore|ARM.ActiveCfg = Release|ARM
		{0BA80A0B-0537-4193-8E4F-001DB2CC4AB7}.AppStore|ARM.Build.0 = Release|ARM
		{0BA80A0B-0537-4193-8E4F-001DB2CC4AB7}.AppStore|ARM.Deploy.0 = Release|ARM
		{0BA80A0B-0537-4193-8E4F-001DB2CC4AB7}.AppStore|iPhone.ActiveCfg = Release|Any CPU
		{0BA80A0B-0537-4193-8E4F-001DB2CC4AB7}.AppStore|iPhone.Build.0 = Release|Any CPU
		{0BA80A0B-0537-4193-8E4F-001DB2CC4AB7}.AppStore|iPhone.Deploy.0 = Release|Any CPU
		{0BA80A0B-0537-4193-8E4F-001DB2CC4AB7}.AppStore|iPhoneSimulator.ActiveCfg = Release|Any CPU
		{0BA80A0B-0537-4193-8E4F-001DB2CC4AB7}.AppStore|iPhoneSimulator.Build.0 = Release|Any CPU
		{0BA80A0B-0537-4193-8E4F-001DB2CC4AB7}.AppStore|iPhoneSimulator.Deploy.0 = Release|Any CPU
		{0BA80A0B-0537-4193-8E4F-001DB2CC4AB7}.AppStore|x64.ActiveCfg = Release|x64
		{0BA80A0B-0537-4193-8E4F-001DB2CC4AB7}.AppStore|x64.Build.0 = Release|x64
		{0BA80A0B-0537-4193-8E4F-001DB2CC4AB7}.AppStore|x64.Deploy.0 = Release|x64
		{0BA80A0B-0537-4193-8E4F-001DB2CC4AB7}.AppStore|x86.ActiveCfg = Release|x86
		{0BA80A0B-0537-4193-8E4F-001DB2CC4AB7}.AppStore|x86.Build.0 = Release|x86
		{0BA80A0B-0537-4193-8E4F-001DB2CC4AB7}.AppStore|x86.Deploy.0 = Release|x86
		{0BA80A0B-0537-4193-8E4F-001DB2CC4AB7}.Debug|Any CPU.ActiveCfg = Debug|Any CPU
		{0BA80A0B-0537-4193-8E4F-001DB2CC4AB7}.Debug|Any CPU.Build.0 = Debug|Any CPU
		{0BA80A0B-0537-4193-8E4F-001DB2CC4AB7}.Debug|Any CPU.Deploy.0 = Debug|Any CPU
		{0BA80A0B-0537-4193-8E4F-001DB2CC4AB7}.Debug|ARM.ActiveCfg = Debug|ARM
		{0BA80A0B-0537-4193-8E4F-001DB2CC4AB7}.Debug|ARM.Build.0 = Debug|ARM
		{0BA80A0B-0537-4193-8E4F-001DB2CC4AB7}.Debug|ARM.Deploy.0 = Debug|ARM
		{0BA80A0B-0537-4193-8E4F-001DB2CC4AB7}.Debug|iPhone.ActiveCfg = Debug|Any CPU
		{0BA80A0B-0537-4193-8E4F-001DB2CC4AB7}.Debug|iPhone.Build.0 = Debug|Any CPU
		{0BA80A0B-0537-4193-8E4F-001DB2CC4AB7}.Debug|iPhone.Deploy.0 = Debug|Any CPU
		{0BA80A0B-0537-4193-8E4F-001DB2CC4AB7}.Debug|iPhoneSimulator.ActiveCfg = Debug|Any CPU
		{0BA80A0B-0537-4193-8E4F-001DB2CC4AB7}.Debug|iPhoneSimulator.Build.0 = Debug|Any CPU
		{0BA80A0B-0537-4193-8E4F-001DB2CC4AB7}.Debug|iPhoneSimulator.Deploy.0 = Debug|Any CPU
		{0BA80A0B-0537-4193-8E4F-001DB2CC4AB7}.Debug|x64.ActiveCfg = Debug|x64
		{0BA80A0B-0537-4193-8E4F-001DB2CC4AB7}.Debug|x64.Build.0 = Debug|x64
		{0BA80A0B-0537-4193-8E4F-001DB2CC4AB7}.Debug|x64.Deploy.0 = Debug|x64
		{0BA80A0B-0537-4193-8E4F-001DB2CC4AB7}.Debug|x86.ActiveCfg = Debug|x86
		{0BA80A0B-0537-4193-8E4F-001DB2CC4AB7}.Debug|x86.Build.0 = Debug|x86
		{0BA80A0B-0537-4193-8E4F-001DB2CC4AB7}.Debug|x86.Deploy.0 = Debug|x86
		{0BA80A0B-0537-4193-8E4F-001DB2CC4AB7}.Release|Any CPU.ActiveCfg = Release|Any CPU
		{0BA80A0B-0537-4193-8E4F-001DB2CC4AB7}.Release|Any CPU.Build.0 = Release|Any CPU
		{0BA80A0B-0537-4193-8E4F-001DB2CC4AB7}.Release|Any CPU.Deploy.0 = Release|Any CPU
		{0BA80A0B-0537-4193-8E4F-001DB2CC4AB7}.Release|ARM.ActiveCfg = Release|ARM
		{0BA80A0B-0537-4193-8E4F-001DB2CC4AB7}.Release|ARM.Build.0 = Release|ARM
		{0BA80A0B-0537-4193-8E4F-001DB2CC4AB7}.Release|ARM.Deploy.0 = Release|ARM
		{0BA80A0B-0537-4193-8E4F-001DB2CC4AB7}.Release|iPhone.ActiveCfg = Release|Any CPU
		{0BA80A0B-0537-4193-8E4F-001DB2CC4AB7}.Release|iPhone.Build.0 = Release|Any CPU
		{0BA80A0B-0537-4193-8E4F-001DB2CC4AB7}.Release|iPhone.Deploy.0 = Release|Any CPU
		{0BA80A0B-0537-4193-8E4F-001DB2CC4AB7}.Release|iPhoneSimulator.ActiveCfg = Release|Any CPU
		{0BA80A0B-0537-4193-8E4F-001DB2CC4AB7}.Release|iPhoneSimulator.Build.0 = Release|Any CPU
		{0BA80A0B-0537-4193-8E4F-001DB2CC4AB7}.Release|iPhoneSimulator.Deploy.0 = Release|Any CPU
		{0BA80A0B-0537-4193-8E4F-001DB2CC4AB7}.Release|x64.ActiveCfg = Release|x64
		{0BA80A0B-0537-4193-8E4F-001DB2CC4AB7}.Release|x64.Build.0 = Release|x64
		{0BA80A0B-0537-4193-8E4F-001DB2CC4AB7}.Release|x64.Deploy.0 = Release|x64
		{0BA80A0B-0537-4193-8E4F-001DB2CC4AB7}.Release|x86.ActiveCfg = Release|x86
		{0BA80A0B-0537-4193-8E4F-001DB2CC4AB7}.Release|x86.Build.0 = Release|x86
		{0BA80A0B-0537-4193-8E4F-001DB2CC4AB7}.Release|x86.Deploy.0 = Release|x86
	EndGlobalSection
	GlobalSection(SolutionProperties) = preSolution
		HideSolutionNode = FALSE
	EndGlobalSection
EndGlobal
